
Microsoft Visual Studio Solution File, Format Version 12.00
# Visual Studio Version 16
VisualStudioVersion = 16.0.29519.181
MinimumVisualStudioVersion = 10.0.40219.1
Project("{9A19103F-16F7-4668-BE54-9A1E7A4F7556}") = "ParaglidingProject.Web", "ParaglidingProject\ParaglidingProject.Web.csproj", "{C4374294-790F-46EE-8B80-F87D072EEA2C}"
EndProject
Project("{9A19103F-16F7-4668-BE54-9A1E7A4F7556}") = "ParaglidingProject.Data", "ParaglidingProject.Data\ParaglidingProject.Data.csproj", "{3D4ECAC5-1916-4328-BBCC-D03618748316}"
EndProject
Project("{9A19103F-16F7-4668-BE54-9A1E7A4F7556}") = "ParaglidingProject.Entities", "ParaglidingProject.Entities\ParaglidingProject.Entities.csproj", "{22D54AE9-0402-4AA6-BBCD-486384004D48}"
EndProject
Project("{FAE04EC0-301F-11D3-BF4B-00C04F79EFBC}") = "ParaglidingProject.API", "ParaglidingProject.API\ParaglidingProject.API.csproj", "{7B98AD1F-AFDB-4373-886A-A660B45C8DA0}"
EndProject
Project("{FAE04EC0-301F-11D3-BF4B-00C04F79EFBC}") = "ParaglidingProject.SL.Core", "ParaglidingProject.SL.Core\ParaglidingProject.SL.Core.csproj", "{63A60755-DA1A-4120-8FC6-94EA09C34755}"
EndProject
Global
	GlobalSection(SolutionConfigurationPlatforms) = preSolution
		Debug|Any CPU = Debug|Any CPU
		Release|Any CPU = Release|Any CPU
	EndGlobalSection
	GlobalSection(ProjectConfigurationPlatforms) = postSolution
		{C4374294-790F-46EE-8B80-F87D072EEA2C}.Debug|Any CPU.ActiveCfg = Debug|Any CPU
		{C4374294-790F-46EE-8B80-F87D072EEA2C}.Debug|Any CPU.Build.0 = Debug|Any CPU
		{C4374294-790F-46EE-8B80-F87D072EEA2C}.Release|Any CPU.ActiveCfg = Release|Any CPU
		{C4374294-790F-46EE-8B80-F87D072EEA2C}.Release|Any CPU.Build.0 = Release|Any CPU
		{3D4ECAC5-1916-4328-BBCC-D03618748316}.Debug|Any CPU.ActiveCfg = Debug|Any CPU
		{3D4ECAC5-1916-4328-BBCC-D03618748316}.Debug|Any CPU.Build.0 = Debug|Any CPU
		{3D4ECAC5-1916-4328-BBCC-D03618748316}.Release|Any CPU.ActiveCfg = Release|Any CPU
		{3D4ECAC5-1916-4328-BBCC-D03618748316}.Release|Any CPU.Build.0 = Release|Any CPU
		{22D54AE9-0402-4AA6-BBCD-486384004D48}.Debug|Any CPU.ActiveCfg = Debug|Any CPU
		{22D54AE9-0402-4AA6-BBCD-486384004D48}.Debug|Any CPU.Build.0 = Debug|Any CPU
		{22D54AE9-0402-4AA6-BBCD-486384004D48}.Release|Any CPU.ActiveCfg = Release|Any CPU
		{22D54AE9-0402-4AA6-BBCD-486384004D48}.Release|Any CPU.Build.0 = Release|Any CPU
		{7B98AD1F-AFDB-4373-886A-A660B45C8DA0}.Debug|Any CPU.ActiveCfg = Debug|Any CPU
		{7B98AD1F-AFDB-4373-886A-A660B45C8DA0}.Debug|Any CPU.Build.0 = Debug|Any CPU
		{7B98AD1F-AFDB-4373-886A-A660B45C8DA0}.Release|Any CPU.ActiveCfg = Release|Any CPU
		{7B98AD1F-AFDB-4373-886A-A660B45C8DA0}.Release|Any CPU.Build.0 = Release|Any CPU
		{63A60755-DA1A-4120-8FC6-94EA09C34755}.Debug|Any CPU.ActiveCfg = Debug|Any CPU
		{63A60755-DA1A-4120-8FC6-94EA09C34755}.Debug|Any CPU.Build.0 = Debug|Any CPU
		{63A60755-DA1A-4120-8FC6-94EA09C34755}.Release|Any CPU.ActiveCfg = Release|Any CPU
		{63A60755-DA1A-4120-8FC6-94EA09C34755}.Release|Any CPU.Build.0 = Release|Any CPU
	EndGlobalSection
	GlobalSection(SolutionProperties) = preSolution
		HideSolutionNode = FALSE
	EndGlobalSection
	GlobalSection(ExtensibilityGlobals) = postSolution
		SolutionGuid = {1B703C01-41CA-4256-83B6-9A7389FF68AB}
	EndGlobalSection
EndGlobal
